
Microsoft Visual Studio Solution File, Format Version 12.00
# Visual Studio Version 16
VisualStudioVersion = 16.0.29911.84
MinimumVisualStudioVersion = 10.0.40219.1
Project("{FAE04EC0-301F-11D3-BF4B-00C04F79EFBC}") = "cw_2", "cw_2.csproj", "{7D98678D-5D66-471E-9A47-6158D4B1FD59}"
EndProject
Global
	GlobalSection(SolutionConfigurationPlatforms) = preSolution
		Debug|Any CPU = Debug|Any CPU
		Release|Any CPU = Release|Any CPU
	EndGlobalSection
	GlobalSection(ProjectConfigurationPlatforms) = postSolution
		{7D98678D-5D66-471E-9A47-6158D4B1FD59}.Debug|Any CPU.ActiveCfg = Debug|Any CPU
		{7D98678D-5D66-471E-9A47-6158D4B1FD59}.Debug|Any CPU.Build.0 = Debug|Any CPU
		{7D98678D-5D66-471E-9A47-6158D4B1FD59}.Release|Any CPU.ActiveCfg = Release|Any CPU
		{7D98678D-5D66-471E-9A47-6158D4B1FD59}.Release|Any CPU.Build.0 = Release|Any CPU
	EndGlobalSection
	GlobalSection(SolutionProperties) = preSolution
		HideSolutionNode = FALSE
	EndGlobalSection
	GlobalSection(ExtensibilityGlobals) = postSolution
		SolutionGuid = {DBAE87D5-1D0B-41AE-8E8E-E7A87A631219}
	EndGlobalSection
EndGlobal
